
Microsoft Visual Studio Solution File, Format Version 12.00
# Visual Studio Version 17
VisualStudioVersion = 17.5.33530.505
MinimumVisualStudioVersion = 10.0.40219.1
Project("{FAE04EC0-301F-11D3-BF4B-00C04F79EFBC}") = "Attributes and Serialization", "Attributes and Serialization\Attributes and Serialization.csproj", "{B565E87A-A882-4E0B-BC83-6829238CCFFE}"
EndProject
Global
	GlobalSection(SolutionConfigurationPlatforms) = preSolution
		Debug|Any CPU = Debug|Any CPU
		Release|Any CPU = Release|Any CPU
	EndGlobalSection
	GlobalSection(ProjectConfigurationPlatforms) = postSolution
		{B565E87A-A882-4E0B-BC83-6829238CCFFE}.Debug|Any CPU.ActiveCfg = Debug|Any CPU
		{B565E87A-A882-4E0B-BC83-6829238CCFFE}.Debug|Any CPU.Build.0 = Debug|Any CPU
		{B565E87A-A882-4E0B-BC83-6829238CCFFE}.Release|Any CPU.ActiveCfg = Release|Any CPU
		{B565E87A-A882-4E0B-BC83-6829238CCFFE}.Release|Any CPU.Build.0 = Release|Any CPU
	EndGlobalSection
	GlobalSection(SolutionProperties) = preSolution
		HideSolutionNode = FALSE
	EndGlobalSection
	GlobalSection(ExtensibilityGlobals) = postSolution
		SolutionGuid = {41F89F0E-C010-4896-82B4-B31DACB35E68}
	EndGlobalSection
EndGlobal
