
Microsoft Visual Studio Solution File, Format Version 12.00
# Visual Studio Version 17
VisualStudioVersion = 17.5.33530.505
MinimumVisualStudioVersion = 10.0.40219.1
Project("{FAE04EC0-301F-11D3-BF4B-00C04F79EFBC}") = "Attributes and Reflections", "Attributes and Reflections\Attributes and Reflections.csproj", "{BF278B10-A668-46AA-B877-434FD73BB53F}"
EndProject
Global
	GlobalSection(SolutionConfigurationPlatforms) = preSolution
		Debug|Any CPU = Debug|Any CPU
		Release|Any CPU = Release|Any CPU
	EndGlobalSection
	GlobalSection(ProjectConfigurationPlatforms) = postSolution
		{BF278B10-A668-46AA-B877-434FD73BB53F}.Debug|Any CPU.ActiveCfg = Debug|Any CPU
		{BF278B10-A668-46AA-B877-434FD73BB53F}.Debug|Any CPU.Build.0 = Debug|Any CPU
		{BF278B10-A668-46AA-B877-434FD73BB53F}.Release|Any CPU.ActiveCfg = Release|Any CPU
		{BF278B10-A668-46AA-B877-434FD73BB53F}.Release|Any CPU.Build.0 = Release|Any CPU
	EndGlobalSection
	GlobalSection(SolutionProperties) = preSolution
		HideSolutionNode = FALSE
	EndGlobalSection
	GlobalSection(ExtensibilityGlobals) = postSolution
		SolutionGuid = {46CA51A1-D6A8-48FA-AB46-93C26595A914}
	EndGlobalSection
EndGlobal
