
Microsoft Visual Studio Solution File, Format Version 12.00
# Visual Studio Version 17
VisualStudioVersion = 17.5.33530.505
MinimumVisualStudioVersion = 10.0.40219.1
Project("{FAE04EC0-301F-11D3-BF4B-00C04F79EFBC}") = "draw_down_test", "draw_down_test\draw_down_test.csproj", "{CC4BD569-03BF-4285-BF0F-A85DA1CCE8D1}"
EndProject
Global
	GlobalSection(SolutionConfigurationPlatforms) = preSolution
		Debug|Any CPU = Debug|Any CPU
		Release|Any CPU = Release|Any CPU
	EndGlobalSection
	GlobalSection(ProjectConfigurationPlatforms) = postSolution
		{CC4BD569-03BF-4285-BF0F-A85DA1CCE8D1}.Debug|Any CPU.ActiveCfg = Debug|Any CPU
		{CC4BD569-03BF-4285-BF0F-A85DA1CCE8D1}.Debug|Any CPU.Build.0 = Debug|Any CPU
		{CC4BD569-03BF-4285-BF0F-A85DA1CCE8D1}.Release|Any CPU.ActiveCfg = Release|Any CPU
		{CC4BD569-03BF-4285-BF0F-A85DA1CCE8D1}.Release|Any CPU.Build.0 = Release|Any CPU
	EndGlobalSection
	GlobalSection(SolutionProperties) = preSolution
		HideSolutionNode = FALSE
	EndGlobalSection
	GlobalSection(ExtensibilityGlobals) = postSolution
		SolutionGuid = {A4F2992A-0B3F-4C02-BA4B-F3E93050727D}
	EndGlobalSection
EndGlobal
